
Microsoft Visual Studio Solution File, Format Version 12.00
# Visual Studio 15
VisualStudioVersion = 15.0.28307.438
MinimumVisualStudioVersion = 10.0.40219.1
Project("{FAE04EC0-301F-11D3-BF4B-00C04F79EFBC}") = "MovieApp.MvcWebUI", "MovieApp.MvcWebUI\MovieApp.MvcWebUI.csproj", "{1600DC87-175B-485A-9AB4-C4893FBC98B1}"
EndProject
Global
	GlobalSection(SolutionConfigurationPlatforms) = preSolution
		Debug|Any CPU = Debug|Any CPU
		Release|Any CPU = Release|Any CPU
	EndGlobalSection
	GlobalSection(ProjectConfigurationPlatforms) = postSolution
		{1600DC87-175B-485A-9AB4-C4893FBC98B1}.Debug|Any CPU.ActiveCfg = Debug|Any CPU
		{1600DC87-175B-485A-9AB4-C4893FBC98B1}.Debug|Any CPU.Build.0 = Debug|Any CPU
		{1600DC87-175B-485A-9AB4-C4893FBC98B1}.Release|Any CPU.ActiveCfg = Release|Any CPU
		{1600DC87-175B-485A-9AB4-C4893FBC98B1}.Release|Any CPU.Build.0 = Release|Any CPU
	EndGlobalSection
	GlobalSection(SolutionProperties) = preSolution
		HideSolutionNode = FALSE
	EndGlobalSection
	GlobalSection(ExtensibilityGlobals) = postSolution
		SolutionGuid = {327005FE-4B19-4217-ACEE-5F1E93205E46}
	EndGlobalSection
EndGlobal
